{
  "name": "data-crow-nl",
  "version": "1.0.0",
  "lockfileVersion": 3,
  "requires": true,
  "packages": {
    "": {
      "name": "data-crow-nl",
      "version": "1.0.0",
      "license": "MIT",
      "dependencies": {
        "@hapi/accept": "^6.0.3"
      },
      "devDependencies": {
        "@azure/functions": "^4.5.0",
        "@types/node": "^15.6.1",
        "prettier": "^2.3.0",
        "typescript": "^4.0.0"
      }
    },
    "node_modules/@azure/functions": {
      "version": "4.5.1",
      "resolved": "https://registry.npmjs.org/@azure/functions/-/functions-4.5.1.tgz",
      "integrity": "sha512-ikiw1IrM2W9NlQM3XazcX+4Sq3XAjZi4eeG22B5InKC2x5i7MatGF2S/Gn1ACZ+fEInwu+Ru9J8DlnBv1/hIvg==",
      "dev": true,
      "license": "MIT",
      "dependencies": {
        "cookie": "^0.6.0",
        "long": "^4.0.0",
        "undici": "^5.13.0"
      },
      "engines": {
        "node": ">=18.0"
      }
    },
    "node_modules/@fastify/busboy": {
      "version": "2.1.1",
      "resolved": "https://registry.npmjs.org/@fastify/busboy/-/busboy-2.1.1.tgz",
      "integrity": "sha512-vBZP4NlzfOlerQTnba4aqZoMhE/a9HY7HRqoOPaETQcSQuWEIyZMHGfVu6w9wGtGK5fED5qRs2DteVCjOH60sA==",
      "dev": true,
      "license": "MIT",
      "engines": {
        "node": ">=14"
      }
    },
    "node_modules/@hapi/accept": {
      "version": "6.0.3",
      "resolved": "https://registry.npmjs.org/@hapi/accept/-/accept-6.0.3.tgz",
      "integrity": "sha512-p72f9k56EuF0n3MwlBNThyVE5PXX40g+aQh+C/xbKrfzahM2Oispv3AXmOIU51t3j77zay1qrX7IIziZXspMlw==",
      "dependencies": {
        "@hapi/boom": "^10.0.1",
        "@hapi/hoek": "^11.0.2"
      }
    },
    "node_modules/@hapi/boom": {
      "version": "10.0.1",
      "resolved": "https://registry.npmjs.org/@hapi/boom/-/boom-10.0.1.tgz",
      "integrity": "sha512-ERcCZaEjdH3OgSJlyjVk8pHIFeus91CjKP3v+MpgBNp5IvGzP2l/bRiD78nqYcKPaZdbKkK5vDBVPd2ohHBlsA==",
      "dependencies": {
        "@hapi/hoek": "^11.0.2"
      }
    },
    "node_modules/@hapi/hoek": {
      "version": "11.0.4",
      "resolved": "https://registry.npmjs.org/@hapi/hoek/-/hoek-11.0.4.tgz",
      "integrity": "sha512-PnsP5d4q7289pS2T2EgGz147BFJ2Jpb4yrEdkpz2IhgEUzos1S7HTl7ezWh1yfYzYlj89KzLdCRkqsP6SIryeQ=="
    },
    "node_modules/@types/node": {
      "version": "15.14.9",
      "resolved": "https://registry.npmjs.org/@types/node/-/node-15.14.9.tgz",
      "integrity": "sha512-qjd88DrCxupx/kJD5yQgZdcYKZKSIGBVDIBE1/LTGcNm3d2Np/jxojkdePDdfnBHJc5W7vSMpbJ1aB7p/Py69A==",
      "dev": true
    },
    "node_modules/cookie": {
      "version": "0.6.0",
      "resolved": "https://registry.npmjs.org/cookie/-/cookie-0.6.0.tgz",
      "integrity": "sha512-U71cyTamuh1CRNCfpGY6to28lxvNwPG4Guz/EVjgf3Jmzv0vlDp1atT9eS5dDjMYHucpHbWns6Lwf3BKz6svdw==",
      "dev": true,
      "license": "MIT",
      "engines": {
        "node": ">= 0.6"
      }
    },
    "node_modules/long": {
      "version": "4.0.0",
      "resolved": "https://registry.npmjs.org/long/-/long-4.0.0.tgz",
      "integrity": "sha512-XsP+KhQif4bjX1kbuSiySJFNAehNxgLb6hPRGJ9QsUr8ajHkuXGdrHmFUTUUXhDwVX2R5bY4JNZEwbUiMhV+MA==",
      "dev": true
    },
    "node_modules/prettier": {
      "version": "2.8.8",
      "resolved": "https://registry.npmjs.org/prettier/-/prettier-2.8.8.tgz",
      "integrity": "sha512-tdN8qQGvNjw4CHbY+XXk0JgCXn9QiF21a55rBe5LJAU+kDyC4WQn4+awm2Xfk2lQMk5fKup9XgzTZtGkjBdP9Q==",
      "dev": true,
      "bin": {
        "prettier": "bin-prettier.js"
      },
      "engines": {
        "node": ">=10.13.0"
      },
      "funding": {
        "url": "https://github.com/prettier/prettier?sponsor=1"
      }
    },
    "node_modules/typescript": {
      "version": "4.9.5",
      "resolved": "https://registry.npmjs.org/typescript/-/typescript-4.9.5.tgz",
      "integrity": "sha512-1FXk9E2Hm+QzZQ7z+McJiHL4NW1F2EzMu9Nq9i3zAaGqibafqYwCVU6WyWAuyQRRzOlxou8xZSyXLEN8oKj24g==",
      "dev": true,
      "bin": {
        "tsc": "bin/tsc",
        "tsserver": "bin/tsserver"
      },
      "engines": {
        "node": ">=4.2.0"
      }
    },
    "node_modules/undici": {
      "version": "5.28.4",
      "resolved": "https://registry.npmjs.org/undici/-/undici-5.28.4.tgz",
      "integrity": "sha512-72RFADWFqKmUb2hmmvNODKL3p9hcB6Gt2DOQMis1SEBaV6a4MH8soBvzg+95CYhCKPFedut2JY9bMfrDl9D23g==",
      "dev": true,
      "license": "MIT",
      "dependencies": {
        "@fastify/busboy": "^2.0.0"
      },
      "engines": {
        "node": ">=14.0"
      }
    }
  }
}
